
Microsoft Visual Studio Solution File, Format Version 12.00
# Visual Studio Version 17
VisualStudioVersion = 17.11.35327.3
MinimumVisualStudioVersion = 10.0.40219.1
Project("{888888A0-9F3D-457C-B088-3A5042F75D52}") = "MUSYNCSavDecode", "MUSYNCSavDecode.pyproj", "{614AE87F-B8A4-457C-B876-4C6631CB2D19}"
EndProject
Global
	GlobalSection(SolutionConfigurationPlatforms) = preSolution
		Debug|x64 = Debug|x64
		Release|x64 = Release|x64
	EndGlobalSection
	GlobalSection(ProjectConfigurationPlatforms) = postSolution
		{614AE87F-B8A4-457C-B876-4C6631CB2D19}.Debug|x64.ActiveCfg = Debug|Any CPU
		{614AE87F-B8A4-457C-B876-4C6631CB2D19}.Release|x64.ActiveCfg = Release|Any CPU
	EndGlobalSection
	GlobalSection(SolutionProperties) = preSolution
		HideSolutionNode = FALSE
	EndGlobalSection
	GlobalSection(ExtensibilityGlobals) = postSolution
		SolutionGuid = {CDBE77CC-9AF4-4B4D-A937-018AD4C88080}
	EndGlobalSection
EndGlobal
